
Microsoft Visual Studio Solution File, Format Version 12.00
# Visual Studio Version 16
VisualStudioVersion = 16.0.31624.102
MinimumVisualStudioVersion = 10.0.40219.1
Project("{FAE04EC0-301F-11D3-BF4B-00C04F79EFBC}") = "haromszog", "haromszog\haromszog.csproj", "{C7E5FA96-5662-4254-868B-215BDE2B98CA}"
EndProject
Global
	GlobalSection(SolutionConfigurationPlatforms) = preSolution
		Debug|Any CPU = Debug|Any CPU
		Release|Any CPU = Release|Any CPU
	EndGlobalSection
	GlobalSection(ProjectConfigurationPlatforms) = postSolution
		{C7E5FA96-5662-4254-868B-215BDE2B98CA}.Debug|Any CPU.ActiveCfg = Debug|Any CPU
		{C7E5FA96-5662-4254-868B-215BDE2B98CA}.Debug|Any CPU.Build.0 = Debug|Any CPU
		{C7E5FA96-5662-4254-868B-215BDE2B98CA}.Release|Any CPU.ActiveCfg = Release|Any CPU
		{C7E5FA96-5662-4254-868B-215BDE2B98CA}.Release|Any CPU.Build.0 = Release|Any CPU
	EndGlobalSection
	GlobalSection(SolutionProperties) = preSolution
		HideSolutionNode = FALSE
	EndGlobalSection
	GlobalSection(ExtensibilityGlobals) = postSolution
		SolutionGuid = {23480BD9-A9C0-42B9-A475-BDD3B7099FC2}
	EndGlobalSection
EndGlobal
